{
  "name": "rapat",
  "lockfileVersion": 2,
  "requires": true,
  "packages": {
    "": {
      "dependencies": {
        "can-autoplay": "^3.0.2"
      }
    },
    "node_modules/can-autoplay": {
      "version": "3.0.2",
      "resolved": "https://registry.npmjs.org/can-autoplay/-/can-autoplay-3.0.2.tgz",
      "integrity": "sha512-Ih6wc7yJB4TylS/mLyAW0Dj5Nh3Gftq/g966TcxgvpNCOzlbqTs85srAq7mwIspo4w8gnLCVVGroyCHfh6l9aA=="
    }
  },
  "dependencies": {
    "can-autoplay": {
      "version": "3.0.2",
      "resolved": "https://registry.npmjs.org/can-autoplay/-/can-autoplay-3.0.2.tgz",
      "integrity": "sha512-Ih6wc7yJB4TylS/mLyAW0Dj5Nh3Gftq/g966TcxgvpNCOzlbqTs85srAq7mwIspo4w8gnLCVVGroyCHfh6l9aA=="
    }
  }
}
